// !$*UTF8*$!
{
	archiveVersion = 1;
	classes = {
	};
	objectVersion = 50;
	objects = {

/* Begin PBXBuildFile section */
		DF214CFE253E4D9D0026E0DB /* AppDelegate.swift in Sources */ = {isa = PBXBuildFile; fileRef = DF214CFD253E4D9D0026E0DB /* AppDelegate.swift */; };
		DF214D00253E4D9D0026E0DB /* SceneDelegate.swift in Sources */ = {isa = PBXBuildFile; fileRef = DF214CFF253E4D9D0026E0DB /* SceneDelegate.swift */; };
		DF214D02253E4D9D0026E0DB /* ContentView.swift in Sources */ = {isa = PBXBuildFile; fileRef = DF214D01253E4D9D0026E0DB /* ContentView.swift */; };
		DF214D04253E4DA00026E0DB /* Assets.xcassets in Resources */ = {isa = PBXBuildFile; fileRef = DF214D03253E4DA00026E0DB /* Assets.xcassets */; };
		DF214D07253E4DA00026E0DB /* Preview Assets.xcassets in Resources */ = {isa = PBXBuildFile; fileRef = DF214D06253E4DA00026E0DB /* Preview Assets.xcassets */; };
		DF214D0A253E4DA00026E0DB /* LaunchScreen.storyboard in Resources */ = {isa = PBXBuildFile; fileRef = DF214D08253E4DA00026E0DB /* LaunchScreen.storyboard */; };
		DF214D12253E90A20026E0DB /* memoryGame.swift in Sources */ = {isa = PBXBuildFile; fileRef = DF214D11253E90A20026E0DB /* memoryGame.swift */; };
		DF214D14253E952B0026E0DB /* emojiMemoryGame.swift in Sources */ = {isa = PBXBuildFile; fileRef = DF214D13253E952B0026E0DB /* emojiMemoryGame.swift */; };
/* End PBXBuildFile section */

/* Begin PBXFileReference section */
		DF214CFA253E4D9D0026E0DB /* MemorizeSwift.app */ = {isa = PBXFileReference; explicitFileType = wrapper.application; includeInIndex = 0; path = MemorizeSwift.app; sourceTree = BUILT_PRODUCTS_DIR; };
		DF214CFD253E4D9D0026E0DB /* AppDelegate.swift */ = {isa = PBXFileReference; lastKnownFileType = sourcecode.swift; path = AppDelegate.swift; sourceTree = "<group>"; };
		DF214CFF253E4D9D0026E0DB /* SceneDelegate.swift */ = {isa = PBXFileReference; lastKnownFileType = sourcecode.swift; path = SceneDelegate.swift; sourceTree = "<group>"; };
		DF214D01253E4D9D0026E0DB /* ContentView.swift */ = {isa = PBXFileReference; lastKnownFileType = sourcecode.swift; path = ContentView.swift; sourceTree = "<group>"; };
		DF214D03253E4DA00026E0DB /* Assets.xcassets */ = {isa = PBXFileReference; lastKnownFileType = folder.assetcatalog; path = Assets.xcassets; sourceTree = "<group>"; };
		DF214D06253E4DA00026E0DB /* Preview Assets.xcassets */ = {isa = PBXFileReference; lastKnownFileType = folder.assetcatalog; path = "Preview Assets.xcassets"; sourceTree = "<group>"; };
		DF214D09253E4DA00026E0DB /* Base */ = {isa = PBXFileReference; lastKnownFileType = file.storyboard; name = Base; path = Base.lproj/LaunchScreen.storyboard; sourceTree = "<group>"; };
		DF214D0B253E4DA00026E0DB /* Info.plist */ = {isa = PBXFileReference; lastKnownFileType = text.plist.xml; path = Info.plist; sourceTree = "<group>"; };
		DF214D11253E90A20026E0DB /* memoryGame.swift */ = {isa = PBXFileReference; lastKnownFileType = sourcecode.swift; path = memoryGame.swift; sourceTree = "<group>"; };
		DF214D13253E952B0026E0DB /* emojiMemoryGame.swift */ = {isa = PBXFileReference; lastKnownFileType = sourcecode.swift; path = emojiMemoryGame.swift; sourceTree = "<group>"; };
/* End PBXFileReference section */

/* Begin PBXFrameworksBuildPhase section */
		DF214CF7253E4D9D0026E0DB /* Frameworks */ = {
			isa = PBXFrameworksBuildPhase;
			buildActionMask = 2147483647;
			files = (
			);
			runOnlyForDeploymentPostprocessing = 0;
		};
/* End PBXFrameworksBuildPhase section */

/* Begin PBXGroup section */
		DF214CF1253E4D9D0026E0DB = {
			isa = PBXGroup;
			children = (
				DF214CFC253E4D9D0026E0DB /* MemorizeSwift */,
				DF214CFB253E4D9D0026E0DB /* Products */,
			);
			sourceTree = "<group>";
		};
		DF214CFB253E4D9D0026E0DB /* Products */ = {
			isa = PBXGroup;
			children = (
				DF214CFA253E4D9D0026E0DB /* MemorizeSwift.app */,
			);
			name = Products;
			sourceTree = "<group>";
		};
		DF214CFC253E4D9D0026E0DB /* MemorizeSwift */ = {
			isa = PBXGroup;
			children = (
				DF214CFD253E4D9D0026E0DB /* AppDelegate.swift */,
				DF214CFF253E4D9D0026E0DB /* SceneDelegate.swift */,
				DF214D01253E4D9D0026E0DB /* ContentView.swift */,
				DF214D11253E90A20026E0DB /* memoryGame.swift */,
				DF214D13253E952B0026E0DB /* emojiMemoryGame.swift */,
				DF214D03253E4DA00026E0DB /* Assets.xcassets */,
				DF214D08253E4DA00026E0DB /* LaunchScreen.storyboard */,
				DF214D0B253E4DA00026E0DB /* Info.plist */,
				DF214D05253E4DA00026E0DB /* Preview Content */,
			);
			path = MemorizeSwift;
			sourceTree = "<group>";
		};
		DF214D05253E4DA00026E0DB /* Preview Content */ = {
			isa = PBXGroup;
			children = (
				DF214D06253E4DA00026E0DB /* Preview Assets.xcassets */,
			);
			path = "Preview Content";
			sourceTree = "<group>";
		};
/* End PBXGroup section */

/* Begin PBXNativeTarget section */
		DF214CF9253E4D9D0026E0DB /* MemorizeSwift */ = {
			isa = PBXNativeTarget;
			buildConfigurationList = DF214D0E253E4DA00026E0DB /* Build configuration list for PBXNativeTarget "MemorizeSwift" */;
			buildPhases = (
				DF214CF6253E4D9D0026E0DB /* Sources */,
				DF214CF7253E4D9D0026E0DB /* Frameworks */,
				DF214CF8253E4D9D0026E0DB /* Resources */,
			);
			buildRules = (
			);
			dependencies = (
			);
			name = MemorizeSwift;
			productName = MemorizeSwift;
			productReference = DF214CFA253E4D9D0026E0DB /* MemorizeSwift.app */;
			productType = "com.apple.product-type.application";
		};
/* End PBXNativeTarget section */

/* Begin PBXProject section */
		DF214CF2253E4D9D0026E0DB /* Project object */ = {
			isa = PBXProject;
			attributes = {
				LastSwiftUpdateCheck = 1150;
				LastUpgradeCheck = 1150;
				ORGANIZATIONNAME = "Jimin Huh";
				TargetAttributes = {
					DF214CF9253E4D9D0026E0DB = {
						CreatedOnToolsVersion = 11.5;
					};
				};
			};
			buildConfigurationList = DF214CF5253E4D9D0026E0DB /* Build configuration list for PBXProject "MemorizeSwift" */;
			compatibilityVersion = "Xcode 9.3";
			developmentRegion = en;
			hasScannedForEncodings = 0;
			knownRegions = (
				en,
				Base,
			);
			mainGroup = DF214CF1253E4D9D0026E0DB;
			productRefGroup = DF214CFB253E4D9D0026E0DB /* Products */;
			projectDirPath = "";
			projectRoot = "";
			targets = (
				DF214CF9253E4D9D0026E0DB /* MemorizeSwift */,
			);
		};
/* End PBXProject section */

/* Begin PBXResourcesBuildPhase section */
		DF214CF8253E4D9D0026E0DB /* Resources */ = {
			isa = PBXResourcesBuildPhase;
			buildActionMask = 2147483647;
			files = (
				DF214D0A253E4DA00026E0DB /* LaunchScreen.storyboard in Resources */,
				DF214D07253E4DA00026E0DB /* Preview Assets.xcassets in Resources */,
				DF214D04253E4DA00026E0DB /* Assets.xcassets in Resources */,
			);
			runOnlyForDeploymentPostprocessing = 0;
		};
/* End PBXResourcesBuildPhase section */

/* Begin PBXSourcesBuildPhase section */
		DF214CF6253E4D9D0026E0DB /* Sources */ = {
			isa = PBXSourcesBuildPhase;
			buildActionMask = 2147483647;
			files = (
				DF214CFE253E4D9D0026E0DB /* AppDelegate.swift in Sources */,
				DF214D14253E952B0026E0DB /* emojiMemoryGame.swift in Sources */,
				DF214D00253E4D9D0026E0DB /* SceneDelegate.swift in Sources */,
				DF214D12253E90A20026E0DB /* memoryGame.swift in Sources */,
				DF214D02253E4D9D0026E0DB /* ContentView.swift in Sources */,
			);
			runOnlyForDeploymentPostprocessing = 0;
		};
/* End PBXSourcesBuildPhase section */

/* Begin PBXVariantGroup section */
		DF214D08253E4DA00026E0DB /* LaunchScreen.storyboard */ = {
			isa = PBXVariantGroup;
			children = (
				DF214D09253E4DA00026E0DB /* Base */,
			);
			name = LaunchScreen.storyboard;
			sourceTree = "<group>";
		};
/* End PBXVariantGroup section */

/* Begin XCBuildConfiguration section */
		DF214D0C253E4DA00026E0DB /* Debug */ = {
			isa = XCBuildConfiguration;
			buildSettings = {
				ALWAYS_SEARCH_USER_PATHS = NO;
				CLANG_ANALYZER_NONNULL = YES;
				CLANG_ANALYZER_NUMBER_OBJECT_CONVERSION = YES_AGGRESSIVE;
				CLANG_CXX_LANGUAGE_STANDARD = "gnu++14";
				CLANG_CXX_LIBRARY = "libc++";
				CLANG_ENABLE_MODULES = YES;
				CLANG_ENABLE_OBJC_ARC = YES;
				CLANG_ENABLE_OBJC_WEAK = YES;
				CLANG_WARN_BLOCK_CAPTURE_AUTORELEASING = YES;
				CLANG_WARN_BOOL_CONVERSION = YES;
				CLANG_WARN_COMMA = YES;
				CLANG_WARN_CONSTANT_CONVERSION = YES;
				CLANG_WARN_DEPRECATED_OBJC_IMPLEMENTATIONS = YES;
				CLANG_WARN_DIRECT_OBJC_ISA_USAGE = YES_ERROR;
				CLANG_WARN_DOCUMENTATION_COMMENTS = YES;
				CLANG_WARN_EMPTY_BODY = YES;
				CLANG_WARN_ENUM_CONVERSION = YES;
				CLANG_WARN_INFINITE_RECURSION = YES;
				CLANG_WARN_INT_CONVERSION = YES;
				CLANG_WARN_NON_LITERAL_NULL_CONVERSION = YES;
				CLANG_WARN_OBJC_IMPLICIT_RETAIN_SELF = YES;
				CLANG_WARN_OBJC_LITERAL_CONVERSION = YES;
				CLANG_WARN_OBJC_ROOT_CLASS = YES_ERROR;
				CLANG_WARN_RANGE_LOOP_ANALYSIS = YES;
				CLANG_WARN_STRICT_PROTOTYPES = YES;
				CLANG_WARN_SUSPICIOUS_MOVE = YES;
				CLANG_WARN_UNGUARDED_AVAILABILITY = YES_AGGRESSIVE;
				CLANG_WARN_UNREACHABLE_CODE = YES;
				CLANG_WARN__DUPLICATE_METHOD_MATCH = YES;
				COPY_PHASE_STRIP = NO;
				DEBUG_INFORMATION_FORMAT = dwarf;
				ENABLE_STRICT_OBJC_MSGSEND = YES;
				ENABLE_TESTABILITY = YES;
				GCC_C_LANGUAGE_STANDARD = gnu11;
				GCC_DYNAMIC_NO_PIC = NO;
				GCC_NO_COMMON_BLOCKS = YES;
				GCC_OPTIMIZATION_LEVEL = 0;
				GCC_PREPROCESSOR_DEFINITIONS = (
					"DEBUG=1",
					"$(inherited)",
				);
				GCC_WARN_64_TO_32_BIT_CONVERSION = YES;
				GCC_WARN_ABOUT_RETURN_TYPE = YES_ERROR;
				GCC_WARN_UNDECLARED_SELECTOR = YES;
				GCC_WARN_UNINITIALIZED_AUTOS = YES_AGGRESSIVE;
				GCC_WARN_UNUSED_FUNCTION = YES;
				GCC_WARN_UNUSED_VARIABLE = YES;
				IPHONEOS_DEPLOYMENT_TARGET = 13.5;
				MTL_ENABLE_DEBUG_INFO = INCLUDE_SOURCE;
				MTL_FAST_MATH = YES;
				ONLY_ACTIVE_ARCH = YES;
				SDKROOT = iphoneos;
				SWIFT_ACTIVE_COMPILATION_CONDITIONS = DEBUG;
				SWIFT_OPTIMIZATION_LEVEL = "-Onone";
			};
			name = Debug;
		};
		DF214D0D253E4DA00026E0DB /* Release */ = {
			isa = XCBuildConfiguration;
			buildSettings = {
				ALWAYS_SEARCH_USER_PATHS = NO;
				CLANG_ANALYZER_NONNULL = YES;
				CLANG_ANALYZER_NUMBER_OBJECT_CONVERSION = YES_AGGRESSIVE;
				CLANG_CXX_LANGUAGE_STANDARD = "gnu++14";
				CLANG_CXX_LIBRARY = "libc++";
				CLANG_ENABLE_MODULES = YES;
				CLANG_ENABLE_OBJC_ARC = YES;
				CLANG_ENABLE_OBJC_WEAK = YES;
				CLANG_WARN_BLOCK_CAPTURE_AUTORELEASING = YES;
				CLANG_WARN_BOOL_CONVERSION = YES;
				CLANG_WARN_COMMA = YES;
				CLANG_WARN_CONSTANT_CONVERSION = YES;
				CLANG_WARN_DEPRECATED_OBJC_IMPLEMENTATIONS = YES;
				CLANG_WARN_DIRECT_OBJC_ISA_USAGE = YES_ERROR;
				CLANG_WARN_DOCUMENTATION_COMMENTS = YES;
				CLANG_WARN_EMPTY_BODY = YES;
				CLANG_WARN_ENUM_CONVERSION = YES;
				CLANG_WARN_INFINITE_RECURSION = YES;
				CLANG_WARN_INT_CONVERSION = YES;
				CLANG_WARN_NON_LITERAL_NULL_CONVERSION = YES;
				CLANG_WARN_OBJC_IMPLICIT_RETAIN_SELF = YES;
				CLANG_WARN_OBJC_LITERAL_CONVERSION = YES;
				CLANG_WARN_OBJC_ROOT_CLASS = YES_ERROR;
				CLANG_WARN_RANGE_LOOP_ANALYSIS = YES;
				CLANG_WARN_STRICT_PROTOTYPES = YES;
				CLANG_WARN_SUSPICIOUS_MOVE = YES;
				CLANG_WARN_UNGUARDED_AVAILABILITY = YES_AGGRESSIVE;
				CLANG_WARN_UNREACHABLE_CODE = YES;
				CLANG_WARN__DUPLICATE_METHOD_MATCH = YES;
				COPY_PHASE_STRIP = NO;
				DEBUG_INFORMATION_FORMAT = "dwarf-with-dsym";
				ENABLE_NS_ASSERTIONS = NO;
				ENABLE_STRICT_OBJC_MSGSEND = YES;
				GCC_C_LANGUAGE_STANDARD = gnu11;
				GCC_NO_COMMON_BLOCKS = YES;
				GCC_WARN_64_TO_32_BIT_CONVERSION = YES;
				GCC_WARN_ABOUT_RETURN_TYPE = YES_ERROR;
				GCC_WARN_UNDECLARED_SELECTOR = YES;
				GCC_WARN_UNINITIALIZED_AUTOS = YES_AGGRESSIVE;
				GCC_WARN_UNUSED_FUNCTION = YES;
				GCC_WARN_UNUSED_VARIABLE = YES;
				IPHONEOS_DEPLOYMENT_TARGET = 13.5;
				MTL_ENABLE_DEBUG_INFO = NO;
				MTL_FAST_MATH = YES;
				SDKROOT = iphoneos;
				SWIFT_COMPILATION_MODE = wholemodule;
				SWIFT_OPTIMIZATION_LEVEL = "-O";
				VALIDATE_PRODUCT = YES;
			};
			name = Release;
		};
		DF214D0F253E4DA00026E0DB /* Debug */ = {
			isa = XCBuildConfiguration;
			buildSettings = {
				ASSETCATALOG_COMPILER_APPICON_NAME = AppIcon;
				CODE_SIGN_STYLE = Automatic;
				DEVELOPMENT_ASSET_PATHS = "\"MemorizeSwift/Preview Content\"";
				DEVELOPMENT_TEAM = 3HQ98CSDR5;
				ENABLE_PREVIEWS = YES;
				INFOPLIST_FILE = MemorizeSwift/Info.plist;
				LD_RUNPATH_SEARCH_PATHS = (
					"$(inherited)",
					"@executable_path/Frameworks",
				);
				PRODUCT_BUNDLE_IDENTIFIER = com.jiminhuh.MemorizeSwift;
				PRODUCT_NAME = "$(TARGET_NAME)";
				SWIFT_VERSION = 5.0;
				TARGETED_DEVICE_FAMILY = "1,2";
			};
			name = Debug;
		};
		DF214D10253E4DA00026E0DB /* Release */ = {
			isa = XCBuildConfiguration;
			buildSettings = {
				ASSETCATALOG_COMPILER_APPICON_NAME = AppIcon;
				CODE_SIGN_STYLE = Automatic;
				DEVELOPMENT_ASSET_PATHS = "\"MemorizeSwift/Preview Content\"";
				DEVELOPMENT_TEAM = 3HQ98CSDR5;
				ENABLE_PREVIEWS = YES;
				INFOPLIST_FILE = MemorizeSwift/Info.plist;
				LD_RUNPATH_SEARCH_PATHS = (
					"$(inherited)",
					"@executable_path/Frameworks",
				);
				PRODUCT_BUNDLE_IDENTIFIER = com.jiminhuh.MemorizeSwift;
				PRODUCT_NAME = "$(TARGET_NAME)";
				SWIFT_VERSION = 5.0;
				TARGETED_DEVICE_FAMILY = "1,2";
			};
			name = Release;
		};
/* End XCBuildConfiguration section */

/* Begin XCConfigurationList section */
		DF214CF5253E4D9D0026E0DB /* Build configuration list for PBXProject "MemorizeSwift" */ = {
			isa = XCConfigurationList;
			buildConfigurations = (
				DF214D0C253E4DA00026E0DB /* Debug */,
				DF214D0D253E4DA00026E0DB /* Release */,
			);
			defaultConfigurationIsVisible = 0;
			defaultConfigurationName = Release;
		};
		DF214D0E253E4DA00026E0DB /* Build configuration list for PBXNativeTarget "MemorizeSwift" */ = {
			isa = XCConfigurationList;
			buildConfigurations = (
				DF214D0F253E4DA00026E0DB /* Debug */,
				DF214D10253E4DA00026E0DB /* Release */,
			);
			defaultConfigurationIsVisible = 0;
			defaultConfigurationName = Release;
		};
/* End XCConfigurationList section */
	};
	rootObject = DF214CF2253E4D9D0026E0DB /* Project object */;
}
